
Microsoft Visual Studio Solution File, Format Version 12.00
# Visual Studio Version 16
VisualStudioVersion = 16.0.30907.101
MinimumVisualStudioVersion = 10.0.40219.1
Project("{9A19103F-16F7-4668-BE54-9A1E7A4F7556}") = "ImageCaptureSystem", "ImageCaptureSystem\ImageCaptureSystem.csproj", "{0D2E3871-D144-42A9-B165-7E724B91E8FC}"
EndProject
Project("{9A19103F-16F7-4668-BE54-9A1E7A4F7556}") = "GUI", "GUI\GUI.csproj", "{199D4BE2-6027-4384-B21E-6CDF146947F3}"
	ProjectSection(ProjectDependencies) = postProject
		{0D2E3871-D144-42A9-B165-7E724B91E8FC} = {0D2E3871-D144-42A9-B165-7E724B91E8FC}
	EndProjectSection
EndProject
Global
	GlobalSection(SolutionConfigurationPlatforms) = preSolution
		Debug|Any CPU = Debug|Any CPU
		Release|Any CPU = Release|Any CPU
	EndGlobalSection
	GlobalSection(ProjectConfigurationPlatforms) = postSolution
		{0D2E3871-D144-42A9-B165-7E724B91E8FC}.Debug|Any CPU.ActiveCfg = Debug|Any CPU
		{0D2E3871-D144-42A9-B165-7E724B91E8FC}.Debug|Any CPU.Build.0 = Debug|Any CPU
		{0D2E3871-D144-42A9-B165-7E724B91E8FC}.Release|Any CPU.ActiveCfg = Release|Any CPU
		{0D2E3871-D144-42A9-B165-7E724B91E8FC}.Release|Any CPU.Build.0 = Release|Any CPU
		{199D4BE2-6027-4384-B21E-6CDF146947F3}.Debug|Any CPU.ActiveCfg = Debug|Any CPU
		{199D4BE2-6027-4384-B21E-6CDF146947F3}.Debug|Any CPU.Build.0 = Debug|Any CPU
		{199D4BE2-6027-4384-B21E-6CDF146947F3}.Release|Any CPU.ActiveCfg = Release|Any CPU
		{199D4BE2-6027-4384-B21E-6CDF146947F3}.Release|Any CPU.Build.0 = Release|Any CPU
	EndGlobalSection
	GlobalSection(SolutionProperties) = preSolution
		HideSolutionNode = FALSE
	EndGlobalSection
	GlobalSection(ExtensibilityGlobals) = postSolution
		SolutionGuid = {A889B087-2C61-47EB-901F-BD581C16ECF9}
	EndGlobalSection
EndGlobal
